# This file is automatically @generated by Cargo.
# It is not intended for manual editing.
version = 3

[[package]]
name = "plurality"
version = "0.1.0"
dependencies = [
 "rust50",
]

[[package]]
name = "rust50"
version = "0.1.4"
source = "registry+https://github.com/rust-lang/crates.io-index"
checksum = "c86aade6ae1d1e6c2939a897f738cf105b990893fa5b46f48bc5ddcb4a8fdb74"
