# This file is automatically @generated by Cargo.
# It is not intended for manual editing.
version = 3

[[package]]
name = "rust50"
version = "0.1.5"
source = "registry+https://github.com/rust-lang/crates.io-index"
checksum = "3f4f3d53f1c1007f67b0e0556f915434efce9f7672ca0aef60da29869a0d437b"

[[package]]
name = "tideman"
version = "0.1.0"
dependencies = [
 "rust50",
]
